
Microsoft Visual Studio Solution File, Format Version 12.00
# Visual Studio Version 17
VisualStudioVersion = 17.6.33723.286
MinimumVisualStudioVersion = 10.0.40219.1
Project("{FAE04EC0-301F-11D3-BF4B-00C04F79EFBC}") = "DEUTCHLAND PROGRAMMEN", "DEUTCHLAND PROGRAMMEN\DEUTCHLAND PROGRAMMEN.csproj", "{13321DD8-596D-4261-854C-FA22F338FC4C}"
EndProject
Global
	GlobalSection(SolutionConfigurationPlatforms) = preSolution
		Debug|Any CPU = Debug|Any CPU
		Release|Any CPU = Release|Any CPU
	EndGlobalSection
	GlobalSection(ProjectConfigurationPlatforms) = postSolution
		{13321DD8-596D-4261-854C-FA22F338FC4C}.Debug|Any CPU.ActiveCfg = Debug|Any CPU
		{13321DD8-596D-4261-854C-FA22F338FC4C}.Debug|Any CPU.Build.0 = Debug|Any CPU
		{13321DD8-596D-4261-854C-FA22F338FC4C}.Release|Any CPU.ActiveCfg = Release|Any CPU
		{13321DD8-596D-4261-854C-FA22F338FC4C}.Release|Any CPU.Build.0 = Release|Any CPU
	EndGlobalSection
	GlobalSection(SolutionProperties) = preSolution
		HideSolutionNode = FALSE
	EndGlobalSection
	GlobalSection(ExtensibilityGlobals) = postSolution
		SolutionGuid = {AAE2E666-0BB5-44FF-AA70-BE37E5637708}
	EndGlobalSection
EndGlobal
